
Microsoft Visual Studio Solution File, Format Version 12.00
# Visual Studio Version 17
VisualStudioVersion = 17.5.33516.290
MinimumVisualStudioVersion = 10.0.40219.1
Project("{FAE04EC0-301F-11D3-BF4B-00C04F79EFBC}") = "CSharpPro", "CSharpPro\CSharpPro.csproj", "{94F3DE7E-0611-4D69-9406-17C0DA9A24AD}"
EndProject
Global
	GlobalSection(SolutionConfigurationPlatforms) = preSolution
		Debug|Any CPU = Debug|Any CPU
		Release|Any CPU = Release|Any CPU
	EndGlobalSection
	GlobalSection(ProjectConfigurationPlatforms) = postSolution
		{94F3DE7E-0611-4D69-9406-17C0DA9A24AD}.Debug|Any CPU.ActiveCfg = Debug|Any CPU
		{94F3DE7E-0611-4D69-9406-17C0DA9A24AD}.Debug|Any CPU.Build.0 = Debug|Any CPU
		{94F3DE7E-0611-4D69-9406-17C0DA9A24AD}.Release|Any CPU.ActiveCfg = Release|Any CPU
		{94F3DE7E-0611-4D69-9406-17C0DA9A24AD}.Release|Any CPU.Build.0 = Release|Any CPU
	EndGlobalSection
	GlobalSection(SolutionProperties) = preSolution
		HideSolutionNode = FALSE
	EndGlobalSection
	GlobalSection(ExtensibilityGlobals) = postSolution
		SolutionGuid = {CEA8FFE9-423C-443A-AE5A-787EA5300733}
	EndGlobalSection
EndGlobal
